
Microsoft Visual Studio Solution File, Format Version 10.00
# Visual Studio 2008
Project("{8BC9CEB8-8B4A-11D0-8D11-00A0C91BC942}") = "game", "game.vcproj", "{F36757F1-921D-4AD5-AC9E-F0AA83A3D631}"
EndProject
Global
	GlobalSection(SolutionConfigurationPlatforms) = preSolution
		Debug Alpha|Win32 = Debug Alpha|Win32
		Debug|Win32 = Debug|Win32
		Release Alpha|Win32 = Release Alpha|Win32
		Release|Win32 = Release|Win32
	EndGlobalSection
	GlobalSection(ProjectConfigurationPlatforms) = postSolution
		{F36757F1-921D-4AD5-AC9E-F0AA83A3D631}.Debug Alpha|Win32.ActiveCfg = Debug Alpha|Win32
		{F36757F1-921D-4AD5-AC9E-F0AA83A3D631}.Debug Alpha|Win32.Build.0 = Debug Alpha|Win32
		{F36757F1-921D-4AD5-AC9E-F0AA83A3D631}.Debug|Win32.ActiveCfg = Debug|Win32
		{F36757F1-921D-4AD5-AC9E-F0AA83A3D631}.Debug|Win32.Build.0 = Debug|Win32
		{F36757F1-921D-4AD5-AC9E-F0AA83A3D631}.Release Alpha|Win32.ActiveCfg = Release Alpha|Win32
		{F36757F1-921D-4AD5-AC9E-F0AA83A3D631}.Release Alpha|Win32.Build.0 = Release Alpha|Win32
		{F36757F1-921D-4AD5-AC9E-F0AA83A3D631}.Release|Win32.ActiveCfg = Release|Win32
		{F36757F1-921D-4AD5-AC9E-F0AA83A3D631}.Release|Win32.Build.0 = Release|Win32
	EndGlobalSection
	GlobalSection(SolutionProperties) = preSolution
		HideSolutionNode = FALSE
	EndGlobalSection
EndGlobal
